
Microsoft Visual Studio Solution File, Format Version 12.00
# Visual Studio Version 17
VisualStudioVersion = 17.8.34322.80
MinimumVisualStudioVersion = 10.0.40219.1
Project("{FAE04EC0-301F-11D3-BF4B-00C04F79EFBC}") = "Deliverable1", "Deliverable1\Deliverable1.csproj", "{295A7871-EF90-4875-BC5C-18BBA8896806}"
EndProject
Global
	GlobalSection(SolutionConfigurationPlatforms) = preSolution
		Debug|Any CPU = Debug|Any CPU
		Release|Any CPU = Release|Any CPU
	EndGlobalSection
	GlobalSection(ProjectConfigurationPlatforms) = postSolution
		{295A7871-EF90-4875-BC5C-18BBA8896806}.Debug|Any CPU.ActiveCfg = Debug|Any CPU
		{295A7871-EF90-4875-BC5C-18BBA8896806}.Debug|Any CPU.Build.0 = Debug|Any CPU
		{295A7871-EF90-4875-BC5C-18BBA8896806}.Release|Any CPU.ActiveCfg = Release|Any CPU
		{295A7871-EF90-4875-BC5C-18BBA8896806}.Release|Any CPU.Build.0 = Release|Any CPU
	EndGlobalSection
	GlobalSection(SolutionProperties) = preSolution
		HideSolutionNode = FALSE
	EndGlobalSection
	GlobalSection(ExtensibilityGlobals) = postSolution
		SolutionGuid = {298D72EC-B96F-4157-BB61-A1E4C87DBFA7}
	EndGlobalSection
EndGlobal
